
Microsoft Visual Studio Solution File, Format Version 12.00
# Visual Studio Version 17
VisualStudioVersion = 17.6.33815.320
MinimumVisualStudioVersion = 10.0.40219.1
Project("{FAE04EC0-301F-11D3-BF4B-00C04F79EFBC}") = "ps_19_task_2", "ps_19_task_2.csproj", "{926B75F6-5E0F-4B35-A21D-3B94E3DC06EA}"
EndProject
Global
	GlobalSection(SolutionConfigurationPlatforms) = preSolution
		Debug|Any CPU = Debug|Any CPU
		Release|Any CPU = Release|Any CPU
	EndGlobalSection
	GlobalSection(ProjectConfigurationPlatforms) = postSolution
		{926B75F6-5E0F-4B35-A21D-3B94E3DC06EA}.Debug|Any CPU.ActiveCfg = Debug|Any CPU
		{926B75F6-5E0F-4B35-A21D-3B94E3DC06EA}.Debug|Any CPU.Build.0 = Debug|Any CPU
		{926B75F6-5E0F-4B35-A21D-3B94E3DC06EA}.Release|Any CPU.ActiveCfg = Release|Any CPU
		{926B75F6-5E0F-4B35-A21D-3B94E3DC06EA}.Release|Any CPU.Build.0 = Release|Any CPU
	EndGlobalSection
	GlobalSection(SolutionProperties) = preSolution
		HideSolutionNode = FALSE
	EndGlobalSection
	GlobalSection(ExtensibilityGlobals) = postSolution
		SolutionGuid = {2376AAF9-632F-4551-A8A8-5E2C3F96B41E}
	EndGlobalSection
EndGlobal
